
Microsoft Visual Studio Solution File, Format Version 11.00
# Visual Studio 2010
Project("{FAE04EC0-301F-11D3-BF4B-00C04F79EFBC}") = "Unity.ETCore", "Unity.ETCore.csproj", "{a6ca2a50-5dca-8390-0b0c-0386cf76ae47}"
EndProject
Project("{FAE04EC0-301F-11D3-BF4B-00C04F79EFBC}") = "Unity.ThirdParty", "Unity.ThirdParty.csproj", "{d2ad5be1-263a-9a30-ab0f-dc5b08044350}"
EndProject
Project("{FAE04EC0-301F-11D3-BF4B-00C04F79EFBC}") = "Unity.Model", "Unity.Model.csproj", "{9498bfb4-d9f5-c441-13e3-3f26f7700e29}"
EndProject
Project("{FAE04EC0-301F-11D3-BF4B-00C04F79EFBC}") = "RPGGame", "RPGGame.csproj", "{7eb7d28d-2154-c100-931f-3f6c8daa62f2}"
EndProject
Project("{FAE04EC0-301F-11D3-BF4B-00C04F79EFBC}") = "Assembly-CSharp", "Assembly-CSharp.csproj", "{03938ccd-4b40-8dfb-6b9b-21988d5cac0a}"
EndProject
Project("{FAE04EC0-301F-11D3-BF4B-00C04F79EFBC}") = "MMOGame", "MMOGame.csproj", "{c8d059a3-91d9-e4cf-4b21-86a7b91f286d}"
EndProject
Project("{FAE04EC0-301F-11D3-BF4B-00C04F79EFBC}") = "Unity.Editor", "Unity.Editor.csproj", "{041131cd-3018-19b1-81b6-5dbee2467ffb}"
EndProject
Global
	GlobalSection(SolutionConfigurationPlatforms) = preSolution
		Debug|Any CPU = Debug|Any CPU
	EndGlobalSection
	GlobalSection(ProjectConfigurationPlatforms) = postSolution
		{a6ca2a50-5dca-8390-0b0c-0386cf76ae47}.Debug|Any CPU.ActiveCfg = Debug|Any CPU
		{a6ca2a50-5dca-8390-0b0c-0386cf76ae47}.Debug|Any CPU.Build.0 = Debug|Any CPU
		{d2ad5be1-263a-9a30-ab0f-dc5b08044350}.Debug|Any CPU.ActiveCfg = Debug|Any CPU
		{d2ad5be1-263a-9a30-ab0f-dc5b08044350}.Debug|Any CPU.Build.0 = Debug|Any CPU
		{9498bfb4-d9f5-c441-13e3-3f26f7700e29}.Debug|Any CPU.ActiveCfg = Debug|Any CPU
		{9498bfb4-d9f5-c441-13e3-3f26f7700e29}.Debug|Any CPU.Build.0 = Debug|Any CPU
		{7eb7d28d-2154-c100-931f-3f6c8daa62f2}.Debug|Any CPU.ActiveCfg = Debug|Any CPU
		{7eb7d28d-2154-c100-931f-3f6c8daa62f2}.Debug|Any CPU.Build.0 = Debug|Any CPU
		{03938ccd-4b40-8dfb-6b9b-21988d5cac0a}.Debug|Any CPU.ActiveCfg = Debug|Any CPU
		{03938ccd-4b40-8dfb-6b9b-21988d5cac0a}.Debug|Any CPU.Build.0 = Debug|Any CPU
		{c8d059a3-91d9-e4cf-4b21-86a7b91f286d}.Debug|Any CPU.ActiveCfg = Debug|Any CPU
		{c8d059a3-91d9-e4cf-4b21-86a7b91f286d}.Debug|Any CPU.Build.0 = Debug|Any CPU
		{041131cd-3018-19b1-81b6-5dbee2467ffb}.Debug|Any CPU.ActiveCfg = Debug|Any CPU
		{041131cd-3018-19b1-81b6-5dbee2467ffb}.Debug|Any CPU.Build.0 = Debug|Any CPU
	EndGlobalSection
	GlobalSection(SolutionProperties) = preSolution
		HideSolutionNode = FALSE
	EndGlobalSection
EndGlobal
